
Microsoft Visual Studio Solution File, Format Version 12.00
# Visual Studio Version 16
VisualStudioVersion = 16.0.30413.136
MinimumVisualStudioVersion = 10.0.40219.1
Project("{2150E333-8FDC-42A3-9474-1A3956D46DE8}") = "0 - Presentation", "0 - Presentation", "{4AEF1AB0-1591-4BED-875B-969E5160DBEA}"
EndProject
Project("{2150E333-8FDC-42A3-9474-1A3956D46DE8}") = "1 - Services", "1 - Services", "{0BCE63AE-5A6C-4585-B071-DF0B1D692FD9}"
EndProject
Project("{2150E333-8FDC-42A3-9474-1A3956D46DE8}") = "2 - Application", "2 - Application", "{054E08E4-572D-4FDA-9E8B-7ABF3BC781B4}"
EndProject
Project("{2150E333-8FDC-42A3-9474-1A3956D46DE8}") = "3 - Domain", "3 - Domain", "{B9AB1C9B-BD3E-4FA0-8EB8-B78606FF1E3B}"
EndProject
Project("{2150E333-8FDC-42A3-9474-1A3956D46DE8}") = "4 - Infra", "4 - Infra", "{21C5067E-7510-44FD-BE08-9D2B3F3A3FBE}"
EndProject
Project("{2150E333-8FDC-42A3-9474-1A3956D46DE8}") = "5 - Tests", "5 - Tests", "{89FB2E18-4FEC-41CF-9D65-11F0D530B736}"
EndProject
Project("{FAE04EC0-301F-11D3-BF4B-00C04F79EFBC}") = "GuideAPI.Services.API", "GuideAPI.Services.API\GuideAPI.Services.API.csproj", "{E59F3CA0-A4A1-4FC3-99E1-5B354E0BE832}"
EndProject
Project("{FAE04EC0-301F-11D3-BF4B-00C04F79EFBC}") = "GuideAPI.Application", "GuideAPI.Application\GuideAPI.Application.csproj", "{269A12B3-C824-4482-9058-AEFCD1AC6BE5}"
EndProject
Project("{FAE04EC0-301F-11D3-BF4B-00C04F79EFBC}") = "GuideAPI.Domain", "GuideAPI.Domain\GuideAPI.Domain.csproj", "{391CFE31-1A52-455C-813F-06491D468342}"
EndProject
Project("{2150E333-8FDC-42A3-9474-1A3956D46DE8}") = "4.1 - Data", "4.1 - Data", "{19695E50-5FE7-4FAA-986B-8D9BF5548CBA}"
EndProject
Project("{2150E333-8FDC-42A3-9474-1A3956D46DE8}") = "4.2 - CrossCutting", "4.2 - CrossCutting", "{01586861-353B-480D-AA95-ABDCF62B8E5D}"
EndProject
Project("{FAE04EC0-301F-11D3-BF4B-00C04F79EFBC}") = "GuideAPI.Infra.Data", "GuideAPI.Infra.Data\GuideAPI.Infra.Data.csproj", "{E763D596-3629-44AF-ADA2-A31406FD19A7}"
EndProject
Project("{FAE04EC0-301F-11D3-BF4B-00C04F79EFBC}") = "GuideAPI.CC.IoC", "GuideAPI.CC.IoC\GuideAPI.CC.IoC.csproj", "{C4015207-EACE-43C1-8467-DD72900849A7}"
EndProject
Project("{FAE04EC0-301F-11D3-BF4B-00C04F79EFBC}") = "GuideAPI.Tests", "GuideAPI.Tests\GuideAPI.Tests.csproj", "{D4A5487B-09F8-4CEA-A5AA-EFA93D1E4C60}"
EndProject
Global
	GlobalSection(SolutionConfigurationPlatforms) = preSolution
		Debug|Any CPU = Debug|Any CPU
		Release|Any CPU = Release|Any CPU
	EndGlobalSection
	GlobalSection(ProjectConfigurationPlatforms) = postSolution
		{E59F3CA0-A4A1-4FC3-99E1-5B354E0BE832}.Debug|Any CPU.ActiveCfg = Debug|Any CPU
		{E59F3CA0-A4A1-4FC3-99E1-5B354E0BE832}.Debug|Any CPU.Build.0 = Debug|Any CPU
		{E59F3CA0-A4A1-4FC3-99E1-5B354E0BE832}.Release|Any CPU.ActiveCfg = Release|Any CPU
		{E59F3CA0-A4A1-4FC3-99E1-5B354E0BE832}.Release|Any CPU.Build.0 = Release|Any CPU
		{269A12B3-C824-4482-9058-AEFCD1AC6BE5}.Debug|Any CPU.ActiveCfg = Debug|Any CPU
		{269A12B3-C824-4482-9058-AEFCD1AC6BE5}.Debug|Any CPU.Build.0 = Debug|Any CPU
		{269A12B3-C824-4482-9058-AEFCD1AC6BE5}.Release|Any CPU.ActiveCfg = Release|Any CPU
		{269A12B3-C824-4482-9058-AEFCD1AC6BE5}.Release|Any CPU.Build.0 = Release|Any CPU
		{391CFE31-1A52-455C-813F-06491D468342}.Debug|Any CPU.ActiveCfg = Debug|Any CPU
		{391CFE31-1A52-455C-813F-06491D468342}.Debug|Any CPU.Build.0 = Debug|Any CPU
		{391CFE31-1A52-455C-813F-06491D468342}.Release|Any CPU.ActiveCfg = Release|Any CPU
		{391CFE31-1A52-455C-813F-06491D468342}.Release|Any CPU.Build.0 = Release|Any CPU
		{E763D596-3629-44AF-ADA2-A31406FD19A7}.Debug|Any CPU.ActiveCfg = Debug|Any CPU
		{E763D596-3629-44AF-ADA2-A31406FD19A7}.Debug|Any CPU.Build.0 = Debug|Any CPU
		{E763D596-3629-44AF-ADA2-A31406FD19A7}.Release|Any CPU.ActiveCfg = Release|Any CPU
		{E763D596-3629-44AF-ADA2-A31406FD19A7}.Release|Any CPU.Build.0 = Release|Any CPU
		{C4015207-EACE-43C1-8467-DD72900849A7}.Debug|Any CPU.ActiveCfg = Debug|Any CPU
		{C4015207-EACE-43C1-8467-DD72900849A7}.Debug|Any CPU.Build.0 = Debug|Any CPU
		{C4015207-EACE-43C1-8467-DD72900849A7}.Release|Any CPU.ActiveCfg = Release|Any CPU
		{C4015207-EACE-43C1-8467-DD72900849A7}.Release|Any CPU.Build.0 = Release|Any CPU
		{D4A5487B-09F8-4CEA-A5AA-EFA93D1E4C60}.Debug|Any CPU.ActiveCfg = Debug|Any CPU
		{D4A5487B-09F8-4CEA-A5AA-EFA93D1E4C60}.Debug|Any CPU.Build.0 = Debug|Any CPU
		{D4A5487B-09F8-4CEA-A5AA-EFA93D1E4C60}.Release|Any CPU.ActiveCfg = Release|Any CPU
		{D4A5487B-09F8-4CEA-A5AA-EFA93D1E4C60}.Release|Any CPU.Build.0 = Release|Any CPU
	EndGlobalSection
	GlobalSection(SolutionProperties) = preSolution
		HideSolutionNode = FALSE
	EndGlobalSection
	GlobalSection(NestedProjects) = preSolution
		{E59F3CA0-A4A1-4FC3-99E1-5B354E0BE832} = {0BCE63AE-5A6C-4585-B071-DF0B1D692FD9}
		{269A12B3-C824-4482-9058-AEFCD1AC6BE5} = {054E08E4-572D-4FDA-9E8B-7ABF3BC781B4}
		{391CFE31-1A52-455C-813F-06491D468342} = {B9AB1C9B-BD3E-4FA0-8EB8-B78606FF1E3B}
		{19695E50-5FE7-4FAA-986B-8D9BF5548CBA} = {21C5067E-7510-44FD-BE08-9D2B3F3A3FBE}
		{01586861-353B-480D-AA95-ABDCF62B8E5D} = {21C5067E-7510-44FD-BE08-9D2B3F3A3FBE}
		{E763D596-3629-44AF-ADA2-A31406FD19A7} = {19695E50-5FE7-4FAA-986B-8D9BF5548CBA}
		{C4015207-EACE-43C1-8467-DD72900849A7} = {01586861-353B-480D-AA95-ABDCF62B8E5D}
		{D4A5487B-09F8-4CEA-A5AA-EFA93D1E4C60} = {89FB2E18-4FEC-41CF-9D65-11F0D530B736}
	EndGlobalSection
	GlobalSection(ExtensibilityGlobals) = postSolution
		SolutionGuid = {6A757F9D-AAE9-402E-9F27-A0DFE414C747}
	EndGlobalSection
EndGlobal
